// !$*UTF8*$!
{
	archiveVersion = 1;
	classes = {
	};
	objectVersion = 50;
	objects = {

/* Begin PBXBuildFile section */
		1DABE2812444FC7D00BFCF06 /* AppDelegate.swift in Sources */ = {isa = PBXBuildFile; fileRef = 1DABE2802444FC7D00BFCF06 /* AppDelegate.swift */; };
		1DABE2832444FC7D00BFCF06 /* SceneDelegate.swift in Sources */ = {isa = PBXBuildFile; fileRef = 1DABE2822444FC7D00BFCF06 /* SceneDelegate.swift */; };
		1DABE2852444FC7D00BFCF06 /* ContentView.swift in Sources */ = {isa = PBXBuildFile; fileRef = 1DABE2842444FC7D00BFCF06 /* ContentView.swift */; };
		1DABE2872444FC7E00BFCF06 /* Assets.xcassets in Resources */ = {isa = PBXBuildFile; fileRef = 1DABE2862444FC7E00BFCF06 /* Assets.xcassets */; };
		1DABE28A2444FC7E00BFCF06 /* Preview Assets.xcassets in Resources */ = {isa = PBXBuildFile; fileRef = 1DABE2892444FC7E00BFCF06 /* Preview Assets.xcassets */; };
		1DABE28D2444FC7E00BFCF06 /* LaunchScreen.storyboard in Resources */ = {isa = PBXBuildFile; fileRef = 1DABE28B2444FC7E00BFCF06 /* LaunchScreen.storyboard */; };
		1DABE2972444FF7400BFCF06 /* BGView.swift in Sources */ = {isa = PBXBuildFile; fileRef = 1DABE2962444FF7400BFCF06 /* BGView.swift */; };
		1DABE2992445083D00BFCF06 /* Data.swift in Sources */ = {isa = PBXBuildFile; fileRef = 1DABE2982445083D00BFCF06 /* Data.swift */; };
		1DABE29D24450C2600BFCF06 /* Service.swift in Sources */ = {isa = PBXBuildFile; fileRef = 1DABE29C24450C2600BFCF06 /* Service.swift */; };
		1DABE29F24450E7600BFCF06 /* ForecastView.swift in Sources */ = {isa = PBXBuildFile; fileRef = 1DABE29E24450E7600BFCF06 /* ForecastView.swift */; };
		1DC883DC244650FA003E9FB8 /* TopView.swift in Sources */ = {isa = PBXBuildFile; fileRef = 1DC883DB244650FA003E9FB8 /* TopView.swift */; };
		1DC883DE24465FC1003E9FB8 /* MidView.swift in Sources */ = {isa = PBXBuildFile; fileRef = 1DC883DD24465FC1003E9FB8 /* MidView.swift */; };
		1DC883E02446617D003E9FB8 /* Helper.swift in Sources */ = {isa = PBXBuildFile; fileRef = 1DC883DF2446617D003E9FB8 /* Helper.swift */; };
		1DC883E42446B5E6003E9FB8 /* CurrentTemp.swift in Sources */ = {isa = PBXBuildFile; fileRef = 1DC883E32446B5E6003E9FB8 /* CurrentTemp.swift */; };
		1DC883E62446C365003E9FB8 /* ScrollCast.swift in Sources */ = {isa = PBXBuildFile; fileRef = 1DC883E52446C365003E9FB8 /* ScrollCast.swift */; };
/* End PBXBuildFile section */

/* Begin PBXFileReference section */
		1DABE27D2444FC7D00BFCF06 /* WeatherForcast.app */ = {isa = PBXFileReference; explicitFileType = wrapper.application; includeInIndex = 0; path = WeatherForcast.app; sourceTree = BUILT_PRODUCTS_DIR; };
		1DABE2802444FC7D00BFCF06 /* AppDelegate.swift */ = {isa = PBXFileReference; lastKnownFileType = sourcecode.swift; path = AppDelegate.swift; sourceTree = "<group>"; };
		1DABE2822444FC7D00BFCF06 /* SceneDelegate.swift */ = {isa = PBXFileReference; lastKnownFileType = sourcecode.swift; path = SceneDelegate.swift; sourceTree = "<group>"; };
		1DABE2842444FC7D00BFCF06 /* ContentView.swift */ = {isa = PBXFileReference; lastKnownFileType = sourcecode.swift; path = ContentView.swift; sourceTree = "<group>"; };
		1DABE2862444FC7E00BFCF06 /* Assets.xcassets */ = {isa = PBXFileReference; lastKnownFileType = folder.assetcatalog; path = Assets.xcassets; sourceTree = "<group>"; };
		1DABE2892444FC7E00BFCF06 /* Preview Assets.xcassets */ = {isa = PBXFileReference; lastKnownFileType = folder.assetcatalog; path = "Preview Assets.xcassets"; sourceTree = "<group>"; };
		1DABE28C2444FC7E00BFCF06 /* Base */ = {isa = PBXFileReference; lastKnownFileType = file.storyboard; name = Base; path = Base.lproj/LaunchScreen.storyboard; sourceTree = "<group>"; };
		1DABE28E2444FC7E00BFCF06 /* Info.plist */ = {isa = PBXFileReference; lastKnownFileType = text.plist.xml; path = Info.plist; sourceTree = "<group>"; };
		1DABE2962444FF7400BFCF06 /* BGView.swift */ = {isa = PBXFileReference; lastKnownFileType = sourcecode.swift; path = BGView.swift; sourceTree = "<group>"; };
		1DABE2982445083D00BFCF06 /* Data.swift */ = {isa = PBXFileReference; lastKnownFileType = sourcecode.swift; path = Data.swift; sourceTree = "<group>"; };
		1DABE29C24450C2600BFCF06 /* Service.swift */ = {isa = PBXFileReference; lastKnownFileType = sourcecode.swift; path = Service.swift; sourceTree = "<group>"; };
		1DABE29E24450E7600BFCF06 /* ForecastView.swift */ = {isa = PBXFileReference; lastKnownFileType = sourcecode.swift; path = ForecastView.swift; sourceTree = "<group>"; };
		1DC883DB244650FA003E9FB8 /* TopView.swift */ = {isa = PBXFileReference; lastKnownFileType = sourcecode.swift; path = TopView.swift; sourceTree = "<group>"; };
		1DC883DD24465FC1003E9FB8 /* MidView.swift */ = {isa = PBXFileReference; lastKnownFileType = sourcecode.swift; path = MidView.swift; sourceTree = "<group>"; };
		1DC883DF2446617D003E9FB8 /* Helper.swift */ = {isa = PBXFileReference; lastKnownFileType = sourcecode.swift; path = Helper.swift; sourceTree = "<group>"; };
		1DC883E32446B5E6003E9FB8 /* CurrentTemp.swift */ = {isa = PBXFileReference; lastKnownFileType = sourcecode.swift; path = CurrentTemp.swift; sourceTree = "<group>"; };
		1DC883E52446C365003E9FB8 /* ScrollCast.swift */ = {isa = PBXFileReference; lastKnownFileType = sourcecode.swift; path = ScrollCast.swift; sourceTree = "<group>"; };
/* End PBXFileReference section */

/* Begin PBXFrameworksBuildPhase section */
		1DABE27A2444FC7D00BFCF06 /* Frameworks */ = {
			isa = PBXFrameworksBuildPhase;
			buildActionMask = 2147483647;
			files = (
			);
			runOnlyForDeploymentPostprocessing = 0;
		};
/* End PBXFrameworksBuildPhase section */

/* Begin PBXGroup section */
		1DABE2742444FC7D00BFCF06 = {
			isa = PBXGroup;
			children = (
				1DABE27F2444FC7D00BFCF06 /* WeatherForcast */,
				1DABE27E2444FC7D00BFCF06 /* Products */,
			);
			sourceTree = "<group>";
		};
		1DABE27E2444FC7D00BFCF06 /* Products */ = {
			isa = PBXGroup;
			children = (
				1DABE27D2444FC7D00BFCF06 /* WeatherForcast.app */,
			);
			name = Products;
			sourceTree = "<group>";
		};
		1DABE27F2444FC7D00BFCF06 /* WeatherForcast */ = {
			isa = PBXGroup;
			children = (
				1DABE2952444FD1000BFCF06 /* Models */,
				1DABE2942444FD0A00BFCF06 /* Views */,
				1DABE2802444FC7D00BFCF06 /* AppDelegate.swift */,
				1DABE2822444FC7D00BFCF06 /* SceneDelegate.swift */,
				1DABE2842444FC7D00BFCF06 /* ContentView.swift */,
				1DABE2862444FC7E00BFCF06 /* Assets.xcassets */,
				1DABE28B2444FC7E00BFCF06 /* LaunchScreen.storyboard */,
				1DABE28E2444FC7E00BFCF06 /* Info.plist */,
				1DABE2882444FC7E00BFCF06 /* Preview Content */,
			);
			path = WeatherForcast;
			sourceTree = "<group>";
		};
		1DABE2882444FC7E00BFCF06 /* Preview Content */ = {
			isa = PBXGroup;
			children = (
				1DABE2892444FC7E00BFCF06 /* Preview Assets.xcassets */,
			);
			path = "Preview Content";
			sourceTree = "<group>";
		};
		1DABE2942444FD0A00BFCF06 /* Views */ = {
			isa = PBXGroup;
			children = (
				1DABE2962444FF7400BFCF06 /* BGView.swift */,
				1DABE29E24450E7600BFCF06 /* ForecastView.swift */,
				1DC883DB244650FA003E9FB8 /* TopView.swift */,
				1DC883DD24465FC1003E9FB8 /* MidView.swift */,
				1DC883E32446B5E6003E9FB8 /* CurrentTemp.swift */,
				1DC883E52446C365003E9FB8 /* ScrollCast.swift */,
			);
			path = Views;
			sourceTree = "<group>";
		};
		1DABE2952444FD1000BFCF06 /* Models */ = {
			isa = PBXGroup;
			children = (
				1DABE2982445083D00BFCF06 /* Data.swift */,
				1DABE29C24450C2600BFCF06 /* Service.swift */,
				1DC883DF2446617D003E9FB8 /* Helper.swift */,
			);
			path = Models;
			sourceTree = "<group>";
		};
/* End PBXGroup section */

/* Begin PBXNativeTarget section */
		1DABE27C2444FC7D00BFCF06 /* WeatherForcast */ = {
			isa = PBXNativeTarget;
			buildConfigurationList = 1DABE2912444FC7E00BFCF06 /* Build configuration list for PBXNativeTarget "WeatherForcast" */;
			buildPhases = (
				1DABE2792444FC7D00BFCF06 /* Sources */,
				1DABE27A2444FC7D00BFCF06 /* Frameworks */,
				1DABE27B2444FC7D00BFCF06 /* Resources */,
			);
			buildRules = (
			);
			dependencies = (
			);
			name = WeatherForcast;
			productName = WeatherForcast;
			productReference = 1DABE27D2444FC7D00BFCF06 /* WeatherForcast.app */;
			productType = "com.apple.product-type.application";
		};
/* End PBXNativeTarget section */

/* Begin PBXProject section */
		1DABE2752444FC7D00BFCF06 /* Project object */ = {
			isa = PBXProject;
			attributes = {
				LastSwiftUpdateCheck = 1130;
				LastUpgradeCheck = 1130;
				ORGANIZATIONNAME = "Dakota-Cheyenne Brown";
				TargetAttributes = {
					1DABE27C2444FC7D00BFCF06 = {
						CreatedOnToolsVersion = 11.3.1;
					};
				};
			};
			buildConfigurationList = 1DABE2782444FC7D00BFCF06 /* Build configuration list for PBXProject "WeatherForcast" */;
			compatibilityVersion = "Xcode 9.3";
			developmentRegion = en;
			hasScannedForEncodings = 0;
			knownRegions = (
				en,
				Base,
			);
			mainGroup = 1DABE2742444FC7D00BFCF06;
			productRefGroup = 1DABE27E2444FC7D00BFCF06 /* Products */;
			projectDirPath = "";
			projectRoot = "";
			targets = (
				1DABE27C2444FC7D00BFCF06 /* WeatherForcast */,
			);
		};
/* End PBXProject section */

/* Begin PBXResourcesBuildPhase section */
		1DABE27B2444FC7D00BFCF06 /* Resources */ = {
			isa = PBXResourcesBuildPhase;
			buildActionMask = 2147483647;
			files = (
				1DABE28D2444FC7E00BFCF06 /* LaunchScreen.storyboard in Resources */,
				1DABE28A2444FC7E00BFCF06 /* Preview Assets.xcassets in Resources */,
				1DABE2872444FC7E00BFCF06 /* Assets.xcassets in Resources */,
			);
			runOnlyForDeploymentPostprocessing = 0;
		};
/* End PBXResourcesBuildPhase section */

/* Begin PBXSourcesBuildPhase section */
		1DABE2792444FC7D00BFCF06 /* Sources */ = {
			isa = PBXSourcesBuildPhase;
			buildActionMask = 2147483647;
			files = (
				1DC883DE24465FC1003E9FB8 /* MidView.swift in Sources */,
				1DABE2812444FC7D00BFCF06 /* AppDelegate.swift in Sources */,
				1DABE2992445083D00BFCF06 /* Data.swift in Sources */,
				1DABE2832444FC7D00BFCF06 /* SceneDelegate.swift in Sources */,
				1DABE2852444FC7D00BFCF06 /* ContentView.swift in Sources */,
				1DC883E42446B5E6003E9FB8 /* CurrentTemp.swift in Sources */,
				1DABE29F24450E7600BFCF06 /* ForecastView.swift in Sources */,
				1DABE2972444FF7400BFCF06 /* BGView.swift in Sources */,
				1DC883E02446617D003E9FB8 /* Helper.swift in Sources */,
				1DC883E62446C365003E9FB8 /* ScrollCast.swift in Sources */,
				1DC883DC244650FA003E9FB8 /* TopView.swift in Sources */,
				1DABE29D24450C2600BFCF06 /* Service.swift in Sources */,
			);
			runOnlyForDeploymentPostprocessing = 0;
		};
/* End PBXSourcesBuildPhase section */

/* Begin PBXVariantGroup section */
		1DABE28B2444FC7E00BFCF06 /* LaunchScreen.storyboard */ = {
			isa = PBXVariantGroup;
			children = (
				1DABE28C2444FC7E00BFCF06 /* Base */,
			);
			name = LaunchScreen.storyboard;
			sourceTree = "<group>";
		};
/* End PBXVariantGroup section */

/* Begin XCBuildConfiguration section */
		1DABE28F2444FC7E00BFCF06 /* Debug */ = {
			isa = XCBuildConfiguration;
			buildSettings = {
				ALWAYS_SEARCH_USER_PATHS = NO;
				CLANG_ANALYZER_NONNULL = YES;
				CLANG_ANALYZER_NUMBER_OBJECT_CONVERSION = YES_AGGRESSIVE;
				CLANG_CXX_LANGUAGE_STANDARD = "gnu++14";
				CLANG_CXX_LIBRARY = "libc++";
				CLANG_ENABLE_MODULES = YES;
				CLANG_ENABLE_OBJC_ARC = YES;
				CLANG_ENABLE_OBJC_WEAK = YES;
				CLANG_WARN_BLOCK_CAPTURE_AUTORELEASING = YES;
				CLANG_WARN_BOOL_CONVERSION = YES;
				CLANG_WARN_COMMA = YES;
				CLANG_WARN_CONSTANT_CONVERSION = YES;
				CLANG_WARN_DEPRECATED_OBJC_IMPLEMENTATIONS = YES;
				CLANG_WARN_DIRECT_OBJC_ISA_USAGE = YES_ERROR;
				CLANG_WARN_DOCUMENTATION_COMMENTS = YES;
				CLANG_WARN_EMPTY_BODY = YES;
				CLANG_WARN_ENUM_CONVERSION = YES;
				CLANG_WARN_INFINITE_RECURSION = YES;
				CLANG_WARN_INT_CONVERSION = YES;
				CLANG_WARN_NON_LITERAL_NULL_CONVERSION = YES;
				CLANG_WARN_OBJC_IMPLICIT_RETAIN_SELF = YES;
				CLANG_WARN_OBJC_LITERAL_CONVERSION = YES;
				CLANG_WARN_OBJC_ROOT_CLASS = YES_ERROR;
				CLANG_WARN_RANGE_LOOP_ANALYSIS = YES;
				CLANG_WARN_STRICT_PROTOTYPES = YES;
				CLANG_WARN_SUSPICIOUS_MOVE = YES;
				CLANG_WARN_UNGUARDED_AVAILABILITY = YES_AGGRESSIVE;
				CLANG_WARN_UNREACHABLE_CODE = YES;
				CLANG_WARN__DUPLICATE_METHOD_MATCH = YES;
				COPY_PHASE_STRIP = NO;
				DEBUG_INFORMATION_FORMAT = dwarf;
				ENABLE_STRICT_OBJC_MSGSEND = YES;
				ENABLE_TESTABILITY = YES;
				GCC_C_LANGUAGE_STANDARD = gnu11;
				GCC_DYNAMIC_NO_PIC = NO;
				GCC_NO_COMMON_BLOCKS = YES;
				GCC_OPTIMIZATION_LEVEL = 0;
				GCC_PREPROCESSOR_DEFINITIONS = (
					"DEBUG=1",
					"$(inherited)",
				);
				GCC_WARN_64_TO_32_BIT_CONVERSION = YES;
				GCC_WARN_ABOUT_RETURN_TYPE = YES_ERROR;
				GCC_WARN_UNDECLARED_SELECTOR = YES;
				GCC_WARN_UNINITIALIZED_AUTOS = YES_AGGRESSIVE;
				GCC_WARN_UNUSED_FUNCTION = YES;
				GCC_WARN_UNUSED_VARIABLE = YES;
				IPHONEOS_DEPLOYMENT_TARGET = 13.2;
				MTL_ENABLE_DEBUG_INFO = INCLUDE_SOURCE;
				MTL_FAST_MATH = YES;
				ONLY_ACTIVE_ARCH = YES;
				SDKROOT = iphoneos;
				SWIFT_ACTIVE_COMPILATION_CONDITIONS = DEBUG;
				SWIFT_OPTIMIZATION_LEVEL = "-Onone";
			};
			name = Debug;
		};
		1DABE2902444FC7E00BFCF06 /* Release */ = {
			isa = XCBuildConfiguration;
			buildSettings = {
				ALWAYS_SEARCH_USER_PATHS = NO;
				CLANG_ANALYZER_NONNULL = YES;
				CLANG_ANALYZER_NUMBER_OBJECT_CONVERSION = YES_AGGRESSIVE;
				CLANG_CXX_LANGUAGE_STANDARD = "gnu++14";
				CLANG_CXX_LIBRARY = "libc++";
				CLANG_ENABLE_MODULES = YES;
				CLANG_ENABLE_OBJC_ARC = YES;
				CLANG_ENABLE_OBJC_WEAK = YES;
				CLANG_WARN_BLOCK_CAPTURE_AUTORELEASING = YES;
				CLANG_WARN_BOOL_CONVERSION = YES;
				CLANG_WARN_COMMA = YES;
				CLANG_WARN_CONSTANT_CONVERSION = YES;
				CLANG_WARN_DEPRECATED_OBJC_IMPLEMENTATIONS = YES;
				CLANG_WARN_DIRECT_OBJC_ISA_USAGE = YES_ERROR;
				CLANG_WARN_DOCUMENTATION_COMMENTS = YES;
				CLANG_WARN_EMPTY_BODY = YES;
				CLANG_WARN_ENUM_CONVERSION = YES;
				CLANG_WARN_INFINITE_RECURSION = YES;
				CLANG_WARN_INT_CONVERSION = YES;
				CLANG_WARN_NON_LITERAL_NULL_CONVERSION = YES;
				CLANG_WARN_OBJC_IMPLICIT_RETAIN_SELF = YES;
				CLANG_WARN_OBJC_LITERAL_CONVERSION = YES;
				CLANG_WARN_OBJC_ROOT_CLASS = YES_ERROR;
				CLANG_WARN_RANGE_LOOP_ANALYSIS = YES;
				CLANG_WARN_STRICT_PROTOTYPES = YES;
				CLANG_WARN_SUSPICIOUS_MOVE = YES;
				CLANG_WARN_UNGUARDED_AVAILABILITY = YES_AGGRESSIVE;
				CLANG_WARN_UNREACHABLE_CODE = YES;
				CLANG_WARN__DUPLICATE_METHOD_MATCH = YES;
				COPY_PHASE_STRIP = NO;
				DEBUG_INFORMATION_FORMAT = "dwarf-with-dsym";
				ENABLE_NS_ASSERTIONS = NO;
				ENABLE_STRICT_OBJC_MSGSEND = YES;
				GCC_C_LANGUAGE_STANDARD = gnu11;
				GCC_NO_COMMON_BLOCKS = YES;
				GCC_WARN_64_TO_32_BIT_CONVERSION = YES;
				GCC_WARN_ABOUT_RETURN_TYPE = YES_ERROR;
				GCC_WARN_UNDECLARED_SELECTOR = YES;
				GCC_WARN_UNINITIALIZED_AUTOS = YES_AGGRESSIVE;
				GCC_WARN_UNUSED_FUNCTION = YES;
				GCC_WARN_UNUSED_VARIABLE = YES;
				IPHONEOS_DEPLOYMENT_TARGET = 13.2;
				MTL_ENABLE_DEBUG_INFO = NO;
				MTL_FAST_MATH = YES;
				SDKROOT = iphoneos;
				SWIFT_COMPILATION_MODE = wholemodule;
				SWIFT_OPTIMIZATION_LEVEL = "-O";
				VALIDATE_PRODUCT = YES;
			};
			name = Release;
		};
		1DABE2922444FC7E00BFCF06 /* Debug */ = {
			isa = XCBuildConfiguration;
			buildSettings = {
				ASSETCATALOG_COMPILER_APPICON_NAME = AppIcon;
				CODE_SIGN_STYLE = Automatic;
				DEVELOPMENT_ASSET_PATHS = "\"WeatherForcast/Preview Content\"";
				DEVELOPMENT_TEAM = K4HU6HVRCW;
				ENABLE_PREVIEWS = YES;
				INFOPLIST_FILE = WeatherForcast/Info.plist;
				LD_RUNPATH_SEARCH_PATHS = (
					"$(inherited)",
					"@executable_path/Frameworks",
				);
				PRODUCT_BUNDLE_IDENTIFIER = Dakotalogy.WeatherForcast;
				PRODUCT_NAME = "$(TARGET_NAME)";
				SWIFT_VERSION = 5.0;
				TARGETED_DEVICE_FAMILY = "1,2";
			};
			name = Debug;
		};
		1DABE2932444FC7E00BFCF06 /* Release */ = {
			isa = XCBuildConfiguration;
			buildSettings = {
				ASSETCATALOG_COMPILER_APPICON_NAME = AppIcon;
				CODE_SIGN_STYLE = Automatic;
				DEVELOPMENT_ASSET_PATHS = "\"WeatherForcast/Preview Content\"";
				DEVELOPMENT_TEAM = K4HU6HVRCW;
				ENABLE_PREVIEWS = YES;
				INFOPLIST_FILE = WeatherForcast/Info.plist;
				LD_RUNPATH_SEARCH_PATHS = (
					"$(inherited)",
					"@executable_path/Frameworks",
				);
				PRODUCT_BUNDLE_IDENTIFIER = Dakotalogy.WeatherForcast;
				PRODUCT_NAME = "$(TARGET_NAME)";
				SWIFT_VERSION = 5.0;
				TARGETED_DEVICE_FAMILY = "1,2";
			};
			name = Release;
		};
/* End XCBuildConfiguration section */

/* Begin XCConfigurationList section */
		1DABE2782444FC7D00BFCF06 /* Build configuration list for PBXProject "WeatherForcast" */ = {
			isa = XCConfigurationList;
			buildConfigurations = (
				1DABE28F2444FC7E00BFCF06 /* Debug */,
				1DABE2902444FC7E00BFCF06 /* Release */,
			);
			defaultConfigurationIsVisible = 0;
			defaultConfigurationName = Release;
		};
		1DABE2912444FC7E00BFCF06 /* Build configuration list for PBXNativeTarget "WeatherForcast" */ = {
			isa = XCConfigurationList;
			buildConfigurations = (
				1DABE2922444FC7E00BFCF06 /* Debug */,
				1DABE2932444FC7E00BFCF06 /* Release */,
			);
			defaultConfigurationIsVisible = 0;
			defaultConfigurationName = Release;
		};
/* End XCConfigurationList section */
	};
	rootObject = 1DABE2752444FC7D00BFCF06 /* Project object */;
}
